
Microsoft Visual Studio Solution File, Format Version 12.00
# Visual Studio Version 16
VisualStudioVersion = 16.0.31205.134
MinimumVisualStudioVersion = 10.0.40219.1
Project("{FAE04EC0-301F-11D3-BF4B-00C04F79EFBC}") = "eegs-back-end", "eegs-back-end.csproj", "{090237E1-56D3-491A-8763-8BFB3A823EFF}"
EndProject
Global
	GlobalSection(SolutionConfigurationPlatforms) = preSolution
		Debug|Any CPU = Debug|Any CPU
		Release|Any CPU = Release|Any CPU
	EndGlobalSection
	GlobalSection(ProjectConfigurationPlatforms) = postSolution
		{090237E1-56D3-491A-8763-8BFB3A823EFF}.Debug|Any CPU.ActiveCfg = Debug|Any CPU
		{090237E1-56D3-491A-8763-8BFB3A823EFF}.Debug|Any CPU.Build.0 = Debug|Any CPU
		{090237E1-56D3-491A-8763-8BFB3A823EFF}.Release|Any CPU.ActiveCfg = Release|Any CPU
		{090237E1-56D3-491A-8763-8BFB3A823EFF}.Release|Any CPU.Build.0 = Release|Any CPU
	EndGlobalSection
	GlobalSection(SolutionProperties) = preSolution
		HideSolutionNode = FALSE
	EndGlobalSection
	GlobalSection(ExtensibilityGlobals) = postSolution
		SolutionGuid = {A902BE07-7EB5-44AE-85EF-D606117A69EE}
	EndGlobalSection
EndGlobal
